// !$*UTF8*$!
{
	archiveVersion = 1;
	classes = {
	};
	objectVersion = 46;
	objects = {

/* Begin PBXBuildFile section */
		D66EE7F1206C38AA009B1836 /* AppDelegate.swift in Sources */ = {isa = PBXBuildFile; fileRef = D66EE7F0206C38AA009B1836 /* AppDelegate.swift */; };
		D66EE7F3206C38AA009B1836 /* ViewController.swift in Sources */ = {isa = PBXBuildFile; fileRef = D66EE7F2206C38AA009B1836 /* ViewController.swift */; };
		D66EE7F6206C38AA009B1836 /* Main.storyboard in Resources */ = {isa = PBXBuildFile; fileRef = D66EE7F4206C38AA009B1836 /* Main.storyboard */; };
		D66EE7F8206C38AA009B1836 /* Assets.xcassets in Resources */ = {isa = PBXBuildFile; fileRef = D66EE7F7206C38AA009B1836 /* Assets.xcassets */; };
		D66EE7FB206C38AA009B1836 /* LaunchScreen.storyboard in Resources */ = {isa = PBXBuildFile; fileRef = D66EE7F9206C38AA009B1836 /* LaunchScreen.storyboard */; };
/* End PBXBuildFile section */

/* Begin PBXFileReference section */
		D66EE7ED206C38AA009B1836 /* Table view print number.app */ = {isa = PBXFileReference; explicitFileType = wrapper.application; includeInIndex = 0; path = "Table view print number.app"; sourceTree = BUILT_PRODUCTS_DIR; };
		D66EE7F0206C38AA009B1836 /* AppDelegate.swift */ = {isa = PBXFileReference; lastKnownFileType = sourcecode.swift; path = AppDelegate.swift; sourceTree = "<group>"; };
		D66EE7F2206C38AA009B1836 /* ViewController.swift */ = {isa = PBXFileReference; lastKnownFileType = sourcecode.swift; path = ViewController.swift; sourceTree = "<group>"; };
		D66EE7F5206C38AA009B1836 /* Base */ = {isa = PBXFileReference; lastKnownFileType = file.storyboard; name = Base; path = Base.lproj/Main.storyboard; sourceTree = "<group>"; };
		D66EE7F7206C38AA009B1836 /* Assets.xcassets */ = {isa = PBXFileReference; lastKnownFileType = folder.assetcatalog; path = Assets.xcassets; sourceTree = "<group>"; };
		D66EE7FA206C38AA009B1836 /* Base */ = {isa = PBXFileReference; lastKnownFileType = file.storyboard; name = Base; path = Base.lproj/LaunchScreen.storyboard; sourceTree = "<group>"; };
		D66EE7FC206C38AA009B1836 /* Info.plist */ = {isa = PBXFileReference; lastKnownFileType = text.plist.xml; path = Info.plist; sourceTree = "<group>"; };
/* End PBXFileReference section */

/* Begin PBXFrameworksBuildPhase section */
		D66EE7EA206C38AA009B1836 /* Frameworks */ = {
			isa = PBXFrameworksBuildPhase;
			buildActionMask = 2147483647;
			files = (
			);
			runOnlyForDeploymentPostprocessing = 0;
		};
/* End PBXFrameworksBuildPhase section */

/* Begin PBXGroup section */
		D66EE7E4206C38AA009B1836 = {
			isa = PBXGroup;
			children = (
				D66EE7EF206C38AA009B1836 /* Table view print number */,
				D66EE7EE206C38AA009B1836 /* Products */,
			);
			sourceTree = "<group>";
		};
		D66EE7EE206C38AA009B1836 /* Products */ = {
			isa = PBXGroup;
			children = (
				D66EE7ED206C38AA009B1836 /* Table view print number.app */,
			);
			name = Products;
			sourceTree = "<group>";
		};
		D66EE7EF206C38AA009B1836 /* Table view print number */ = {
			isa = PBXGroup;
			children = (
				D66EE7F0206C38AA009B1836 /* AppDelegate.swift */,
				D66EE7F2206C38AA009B1836 /* ViewController.swift */,
				D66EE7F4206C38AA009B1836 /* Main.storyboard */,
				D66EE7F7206C38AA009B1836 /* Assets.xcassets */,
				D66EE7F9206C38AA009B1836 /* LaunchScreen.storyboard */,
				D66EE7FC206C38AA009B1836 /* Info.plist */,
			);
			path = "Table view print number";
			sourceTree = "<group>";
		};
/* End PBXGroup section */

/* Begin PBXNativeTarget section */
		D66EE7EC206C38AA009B1836 /* Table view print number */ = {
			isa = PBXNativeTarget;
			buildConfigurationList = D66EE7FF206C38AA009B1836 /* Build configuration list for PBXNativeTarget "Table view print number" */;
			buildPhases = (
				D66EE7E9206C38AA009B1836 /* Sources */,
				D66EE7EA206C38AA009B1836 /* Frameworks */,
				D66EE7EB206C38AA009B1836 /* Resources */,
			);
			buildRules = (
			);
			dependencies = (
			);
			name = "Table view print number";
			productName = "Table view print number";
			productReference = D66EE7ED206C38AA009B1836 /* Table view print number.app */;
			productType = "com.apple.product-type.application";
		};
/* End PBXNativeTarget section */

/* Begin PBXProject section */
		D66EE7E5206C38AA009B1836 /* Project object */ = {
			isa = PBXProject;
			attributes = {
				LastSwiftUpdateCheck = 0830;
				LastUpgradeCheck = 0830;
				ORGANIZATIONNAME = azzaz;
				TargetAttributes = {
					D66EE7EC206C38AA009B1836 = {
						CreatedOnToolsVersion = 8.3.3;
						ProvisioningStyle = Automatic;
					};
				};
			};
			buildConfigurationList = D66EE7E8206C38AA009B1836 /* Build configuration list for PBXProject "Table view print number" */;
			compatibilityVersion = "Xcode 3.2";
			developmentRegion = English;
			hasScannedForEncodings = 0;
			knownRegions = (
				en,
				Base,
			);
			mainGroup = D66EE7E4206C38AA009B1836;
			productRefGroup = D66EE7EE206C38AA009B1836 /* Products */;
			projectDirPath = "";
			projectRoot = "";
			targets = (
				D66EE7EC206C38AA009B1836 /* Table view print number */,
			);
		};
/* End PBXProject section */

/* Begin PBXResourcesBuildPhase section */
		D66EE7EB206C38AA009B1836 /* Resources */ = {
			isa = PBXResourcesBuildPhase;
			buildActionMask = 2147483647;
			files = (
				D66EE7FB206C38AA009B1836 /* LaunchScreen.storyboard in Resources */,
				D66EE7F8206C38AA009B1836 /* Assets.xcassets in Resources */,
				D66EE7F6206C38AA009B1836 /* Main.storyboard in Resources */,
			);
			runOnlyForDeploymentPostprocessing = 0;
		};
/* End PBXResourcesBuildPhase section */

/* Begin PBXSourcesBuildPhase section */
		D66EE7E9206C38AA009B1836 /* Sources */ = {
			isa = PBXSourcesBuildPhase;
			buildActionMask = 2147483647;
			files = (
				D66EE7F3206C38AA009B1836 /* ViewController.swift in Sources */,
				D66EE7F1206C38AA009B1836 /* AppDelegate.swift in Sources */,
			);
			runOnlyForDeploymentPostprocessing = 0;
		};
/* End PBXSourcesBuildPhase section */

/* Begin PBXVariantGroup section */
		D66EE7F4206C38AA009B1836 /* Main.storyboard */ = {
			isa = PBXVariantGroup;
			children = (
				D66EE7F5206C38AA009B1836 /* Base */,
			);
			name = Main.storyboard;
			sourceTree = "<group>";
		};
		D66EE7F9206C38AA009B1836 /* LaunchScreen.storyboard */ = {
			isa = PBXVariantGroup;
			children = (
				D66EE7FA206C38AA009B1836 /* Base */,
			);
			name = LaunchScreen.storyboard;
			sourceTree = "<group>";
		};
/* End PBXVariantGroup section */

/* Begin XCBuildConfiguration section */
		D66EE7FD206C38AA009B1836 /* Debug */ = {
			isa = XCBuildConfiguration;
			buildSettings = {
				ALWAYS_SEARCH_USER_PATHS = NO;
				CLANG_ANALYZER_NONNULL = YES;
				CLANG_ANALYZER_NUMBER_OBJECT_CONVERSION = YES_AGGRESSIVE;
				CLANG_CXX_LANGUAGE_STANDARD = "gnu++0x";
				CLANG_CXX_LIBRARY = "libc++";
				CLANG_ENABLE_MODULES = YES;
				CLANG_ENABLE_OBJC_ARC = YES;
				CLANG_WARN_BOOL_CONVERSION = YES;
				CLANG_WARN_CONSTANT_CONVERSION = YES;
				CLANG_WARN_DIRECT_OBJC_ISA_USAGE = YES_ERROR;
				CLANG_WARN_DOCUMENTATION_COMMENTS = YES;
				CLANG_WARN_EMPTY_BODY = YES;
				CLANG_WARN_ENUM_CONVERSION = YES;
				CLANG_WARN_INFINITE_RECURSION = YES;
				CLANG_WARN_INT_CONVERSION = YES;
				CLANG_WARN_OBJC_ROOT_CLASS = YES_ERROR;
				CLANG_WARN_SUSPICIOUS_MOVE = YES;
				CLANG_WARN_UNREACHABLE_CODE = YES;
				CLANG_WARN__DUPLICATE_METHOD_MATCH = YES;
				"CODE_SIGN_IDENTITY[sdk=iphoneos*]" = "iPhone Developer";
				COPY_PHASE_STRIP = NO;
				DEBUG_INFORMATION_FORMAT = dwarf;
				ENABLE_STRICT_OBJC_MSGSEND = YES;
				ENABLE_TESTABILITY = YES;
				GCC_C_LANGUAGE_STANDARD = gnu99;
				GCC_DYNAMIC_NO_PIC = NO;
				GCC_NO_COMMON_BLOCKS = YES;
				GCC_OPTIMIZATION_LEVEL = 0;
				GCC_PREPROCESSOR_DEFINITIONS = (
					"DEBUG=1",
					"$(inherited)",
				);
				GCC_WARN_64_TO_32_BIT_CONVERSION = YES;
				GCC_WARN_ABOUT_RETURN_TYPE = YES_ERROR;
				GCC_WARN_UNDECLARED_SELECTOR = YES;
				GCC_WARN_UNINITIALIZED_AUTOS = YES_AGGRESSIVE;
				GCC_WARN_UNUSED_FUNCTION = YES;
				GCC_WARN_UNUSED_VARIABLE = YES;
				IPHONEOS_DEPLOYMENT_TARGET = 10.3;
				MTL_ENABLE_DEBUG_INFO = YES;
				ONLY_ACTIVE_ARCH = YES;
				SDKROOT = iphoneos;
				SWIFT_ACTIVE_COMPILATION_CONDITIONS = DEBUG;
				SWIFT_OPTIMIZATION_LEVEL = "-Onone";
				TARGETED_DEVICE_FAMILY = "1,2";
			};
			name = Debug;
		};
		D66EE7FE206C38AA009B1836 /* Release */ = {
			isa = XCBuildConfiguration;
			buildSettings = {
				ALWAYS_SEARCH_USER_PATHS = NO;
				CLANG_ANALYZER_NONNULL = YES;
				CLANG_ANALYZER_NUMBER_OBJECT_CONVERSION = YES_AGGRESSIVE;
				CLANG_CXX_LANGUAGE_STANDARD = "gnu++0x";
				CLANG_CXX_LIBRARY = "libc++";
				CLANG_ENABLE_MODULES = YES;
				CLANG_ENABLE_OBJC_ARC = YES;
				CLANG_WARN_BOOL_CONVERSION = YES;
				CLANG_WARN_CONSTANT_CONVERSION = YES;
				CLANG_WARN_DIRECT_OBJC_ISA_USAGE = YES_ERROR;
				CLANG_WARN_DOCUMENTATION_COMMENTS = YES;
				CLANG_WARN_EMPTY_BODY = YES;
				CLANG_WARN_ENUM_CONVERSION = YES;
				CLANG_WARN_INFINITE_RECURSION = YES;
				CLANG_WARN_INT_CONVERSION = YES;
				CLANG_WARN_OBJC_ROOT_CLASS = YES_ERROR;
				CLANG_WARN_SUSPICIOUS_MOVE = YES;
				CLANG_WARN_UNREACHABLE_CODE = YES;
				CLANG_WARN__DUPLICATE_METHOD_MATCH = YES;
				"CODE_SIGN_IDENTITY[sdk=iphoneos*]" = "iPhone Developer";
				COPY_PHASE_STRIP = NO;
				DEBUG_INFORMATION_FORMAT = "dwarf-with-dsym";
				ENABLE_NS_ASSERTIONS = NO;
				ENABLE_STRICT_OBJC_MSGSEND = YES;
				GCC_C_LANGUAGE_STANDARD = gnu99;
				GCC_NO_COMMON_BLOCKS = YES;
				GCC_WARN_64_TO_32_BIT_CONVERSION = YES;
				GCC_WARN_ABOUT_RETURN_TYPE = YES_ERROR;
				GCC_WARN_UNDECLARED_SELECTOR = YES;
				GCC_WARN_UNINITIALIZED_AUTOS = YES_AGGRESSIVE;
				GCC_WARN_UNUSED_FUNCTION = YES;
				GCC_WARN_UNUSED_VARIABLE = YES;
				IPHONEOS_DEPLOYMENT_TARGET = 10.3;
				MTL_ENABLE_DEBUG_INFO = NO;
				SDKROOT = iphoneos;
				SWIFT_OPTIMIZATION_LEVEL = "-Owholemodule";
				TARGETED_DEVICE_FAMILY = "1,2";
				VALIDATE_PRODUCT = YES;
			};
			name = Release;
		};
		D66EE800206C38AA009B1836 /* Debug */ = {
			isa = XCBuildConfiguration;
			buildSettings = {
				ASSETCATALOG_COMPILER_APPICON_NAME = AppIcon;
				INFOPLIST_FILE = "Table view print number/Info.plist";
				LD_RUNPATH_SEARCH_PATHS = "$(inherited) @executable_path/Frameworks";
				PRODUCT_BUNDLE_IDENTIFIER = "Apple.Table-view-print-number";
				PRODUCT_NAME = "$(TARGET_NAME)";
				SWIFT_VERSION = 3.0;
			};
			name = Debug;
		};
		D66EE801206C38AA009B1836 /* Release */ = {
			isa = XCBuildConfiguration;
			buildSettings = {
				ASSETCATALOG_COMPILER_APPICON_NAME = AppIcon;
				INFOPLIST_FILE = "Table view print number/Info.plist";
				LD_RUNPATH_SEARCH_PATHS = "$(inherited) @executable_path/Frameworks";
				PRODUCT_BUNDLE_IDENTIFIER = "Apple.Table-view-print-number";
				PRODUCT_NAME = "$(TARGET_NAME)";
				SWIFT_VERSION = 3.0;
			};
			name = Release;
		};
/* End XCBuildConfiguration section */

/* Begin XCConfigurationList section */
		D66EE7E8206C38AA009B1836 /* Build configuration list for PBXProject "Table view print number" */ = {
			isa = XCConfigurationList;
			buildConfigurations = (
				D66EE7FD206C38AA009B1836 /* Debug */,
				D66EE7FE206C38AA009B1836 /* Release */,
			);
			defaultConfigurationIsVisible = 0;
			defaultConfigurationName = Release;
		};
		D66EE7FF206C38AA009B1836 /* Build configuration list for PBXNativeTarget "Table view print number" */ = {
			isa = XCConfigurationList;
			buildConfigurations = (
				D66EE800206C38AA009B1836 /* Debug */,
				D66EE801206C38AA009B1836 /* Release */,
			);
			defaultConfigurationIsVisible = 0;
		};
/* End XCConfigurationList section */
	};
	rootObject = D66EE7E5206C38AA009B1836 /* Project object */;
}
