// !$*UTF8*$!
{
	archiveVersion = 1;
	classes = {
	};
	objectVersion = 46;
	objects = {

/* Begin PBXBuildFile section */
		D67E13A72082B0E000C82AFC /* AppDelegate.swift in Sources */ = {isa = PBXBuildFile; fileRef = D67E13A62082B0E000C82AFC /* AppDelegate.swift */; };
		D67E13A92082B0E000C82AFC /* ViewController.swift in Sources */ = {isa = PBXBuildFile; fileRef = D67E13A82082B0E000C82AFC /* ViewController.swift */; };
		D67E13AC2082B0E000C82AFC /* Main.storyboard in Resources */ = {isa = PBXBuildFile; fileRef = D67E13AA2082B0E000C82AFC /* Main.storyboard */; };
		D67E13AE2082B0E000C82AFC /* Assets.xcassets in Resources */ = {isa = PBXBuildFile; fileRef = D67E13AD2082B0E000C82AFC /* Assets.xcassets */; };
		D67E13B12082B0E000C82AFC /* LaunchScreen.storyboard in Resources */ = {isa = PBXBuildFile; fileRef = D67E13AF2082B0E000C82AFC /* LaunchScreen.storyboard */; };
		D6A41A622083448A00B6E7FE /* CustomCell.swift in Sources */ = {isa = PBXBuildFile; fileRef = D6A41A612083448A00B6E7FE /* CustomCell.swift */; };
/* End PBXBuildFile section */

/* Begin PBXFileReference section */
		D67E13A32082B0E000C82AFC /* TableViewImport.app */ = {isa = PBXFileReference; explicitFileType = wrapper.application; includeInIndex = 0; path = TableViewImport.app; sourceTree = BUILT_PRODUCTS_DIR; };
		D67E13A62082B0E000C82AFC /* AppDelegate.swift */ = {isa = PBXFileReference; lastKnownFileType = sourcecode.swift; path = AppDelegate.swift; sourceTree = "<group>"; };
		D67E13A82082B0E000C82AFC /* ViewController.swift */ = {isa = PBXFileReference; lastKnownFileType = sourcecode.swift; path = ViewController.swift; sourceTree = "<group>"; };
		D67E13AB2082B0E000C82AFC /* Base */ = {isa = PBXFileReference; lastKnownFileType = file.storyboard; name = Base; path = Base.lproj/Main.storyboard; sourceTree = "<group>"; };
		D67E13AD2082B0E000C82AFC /* Assets.xcassets */ = {isa = PBXFileReference; lastKnownFileType = folder.assetcatalog; path = Assets.xcassets; sourceTree = "<group>"; };
		D67E13B02082B0E000C82AFC /* Base */ = {isa = PBXFileReference; lastKnownFileType = file.storyboard; name = Base; path = Base.lproj/LaunchScreen.storyboard; sourceTree = "<group>"; };
		D67E13B22082B0E000C82AFC /* Info.plist */ = {isa = PBXFileReference; lastKnownFileType = text.plist.xml; path = Info.plist; sourceTree = "<group>"; };
		D6A41A612083448A00B6E7FE /* CustomCell.swift */ = {isa = PBXFileReference; fileEncoding = 4; lastKnownFileType = sourcecode.swift; path = CustomCell.swift; sourceTree = "<group>"; };
/* End PBXFileReference section */

/* Begin PBXFrameworksBuildPhase section */
		D67E13A02082B0E000C82AFC /* Frameworks */ = {
			isa = PBXFrameworksBuildPhase;
			buildActionMask = 2147483647;
			files = (
			);
			runOnlyForDeploymentPostprocessing = 0;
		};
/* End PBXFrameworksBuildPhase section */

/* Begin PBXGroup section */
		D67E139A2082B0E000C82AFC = {
			isa = PBXGroup;
			children = (
				D67E13A52082B0E000C82AFC /* TableViewImport */,
				D67E13A42082B0E000C82AFC /* Products */,
			);
			sourceTree = "<group>";
		};
		D67E13A42082B0E000C82AFC /* Products */ = {
			isa = PBXGroup;
			children = (
				D67E13A32082B0E000C82AFC /* TableViewImport.app */,
			);
			name = Products;
			sourceTree = "<group>";
		};
		D67E13A52082B0E000C82AFC /* TableViewImport */ = {
			isa = PBXGroup;
			children = (
				D67E13A62082B0E000C82AFC /* AppDelegate.swift */,
				D67E13A82082B0E000C82AFC /* ViewController.swift */,
				D6A41A612083448A00B6E7FE /* CustomCell.swift */,
				D67E13AA2082B0E000C82AFC /* Main.storyboard */,
				D67E13AD2082B0E000C82AFC /* Assets.xcassets */,
				D67E13AF2082B0E000C82AFC /* LaunchScreen.storyboard */,
				D67E13B22082B0E000C82AFC /* Info.plist */,
			);
			path = TableViewImport;
			sourceTree = "<group>";
		};
/* End PBXGroup section */

/* Begin PBXNativeTarget section */
		D67E13A22082B0E000C82AFC /* TableViewImport */ = {
			isa = PBXNativeTarget;
			buildConfigurationList = D67E13B52082B0E000C82AFC /* Build configuration list for PBXNativeTarget "TableViewImport" */;
			buildPhases = (
				D67E139F2082B0E000C82AFC /* Sources */,
				D67E13A02082B0E000C82AFC /* Frameworks */,
				D67E13A12082B0E000C82AFC /* Resources */,
			);
			buildRules = (
			);
			dependencies = (
			);
			name = TableViewImport;
			productName = TableViewImport;
			productReference = D67E13A32082B0E000C82AFC /* TableViewImport.app */;
			productType = "com.apple.product-type.application";
		};
/* End PBXNativeTarget section */

/* Begin PBXProject section */
		D67E139B2082B0E000C82AFC /* Project object */ = {
			isa = PBXProject;
			attributes = {
				LastSwiftUpdateCheck = 0830;
				LastUpgradeCheck = 0830;
				ORGANIZATIONNAME = azzaz;
				TargetAttributes = {
					D67E13A22082B0E000C82AFC = {
						CreatedOnToolsVersion = 8.3.3;
						ProvisioningStyle = Automatic;
					};
				};
			};
			buildConfigurationList = D67E139E2082B0E000C82AFC /* Build configuration list for PBXProject "TableViewImport" */;
			compatibilityVersion = "Xcode 3.2";
			developmentRegion = English;
			hasScannedForEncodings = 0;
			knownRegions = (
				en,
				Base,
			);
			mainGroup = D67E139A2082B0E000C82AFC;
			productRefGroup = D67E13A42082B0E000C82AFC /* Products */;
			projectDirPath = "";
			projectRoot = "";
			targets = (
				D67E13A22082B0E000C82AFC /* TableViewImport */,
			);
		};
/* End PBXProject section */

/* Begin PBXResourcesBuildPhase section */
		D67E13A12082B0E000C82AFC /* Resources */ = {
			isa = PBXResourcesBuildPhase;
			buildActionMask = 2147483647;
			files = (
				D67E13B12082B0E000C82AFC /* LaunchScreen.storyboard in Resources */,
				D67E13AE2082B0E000C82AFC /* Assets.xcassets in Resources */,
				D67E13AC2082B0E000C82AFC /* Main.storyboard in Resources */,
			);
			runOnlyForDeploymentPostprocessing = 0;
		};
/* End PBXResourcesBuildPhase section */

/* Begin PBXSourcesBuildPhase section */
		D67E139F2082B0E000C82AFC /* Sources */ = {
			isa = PBXSourcesBuildPhase;
			buildActionMask = 2147483647;
			files = (
				D67E13A92082B0E000C82AFC /* ViewController.swift in Sources */,
				D6A41A622083448A00B6E7FE /* CustomCell.swift in Sources */,
				D67E13A72082B0E000C82AFC /* AppDelegate.swift in Sources */,
			);
			runOnlyForDeploymentPostprocessing = 0;
		};
/* End PBXSourcesBuildPhase section */

/* Begin PBXVariantGroup section */
		D67E13AA2082B0E000C82AFC /* Main.storyboard */ = {
			isa = PBXVariantGroup;
			children = (
				D67E13AB2082B0E000C82AFC /* Base */,
			);
			name = Main.storyboard;
			sourceTree = "<group>";
		};
		D67E13AF2082B0E000C82AFC /* LaunchScreen.storyboard */ = {
			isa = PBXVariantGroup;
			children = (
				D67E13B02082B0E000C82AFC /* Base */,
			);
			name = LaunchScreen.storyboard;
			sourceTree = "<group>";
		};
/* End PBXVariantGroup section */

/* Begin XCBuildConfiguration section */
		D67E13B32082B0E000C82AFC /* Debug */ = {
			isa = XCBuildConfiguration;
			buildSettings = {
				ALWAYS_SEARCH_USER_PATHS = NO;
				CLANG_ANALYZER_NONNULL = YES;
				CLANG_ANALYZER_NUMBER_OBJECT_CONVERSION = YES_AGGRESSIVE;
				CLANG_CXX_LANGUAGE_STANDARD = "gnu++0x";
				CLANG_CXX_LIBRARY = "libc++";
				CLANG_ENABLE_MODULES = YES;
				CLANG_ENABLE_OBJC_ARC = YES;
				CLANG_WARN_BOOL_CONVERSION = YES;
				CLANG_WARN_CONSTANT_CONVERSION = YES;
				CLANG_WARN_DIRECT_OBJC_ISA_USAGE = YES_ERROR;
				CLANG_WARN_DOCUMENTATION_COMMENTS = YES;
				CLANG_WARN_EMPTY_BODY = YES;
				CLANG_WARN_ENUM_CONVERSION = YES;
				CLANG_WARN_INFINITE_RECURSION = YES;
				CLANG_WARN_INT_CONVERSION = YES;
				CLANG_WARN_OBJC_ROOT_CLASS = YES_ERROR;
				CLANG_WARN_SUSPICIOUS_MOVE = YES;
				CLANG_WARN_UNREACHABLE_CODE = YES;
				CLANG_WARN__DUPLICATE_METHOD_MATCH = YES;
				"CODE_SIGN_IDENTITY[sdk=iphoneos*]" = "iPhone Developer";
				COPY_PHASE_STRIP = NO;
				DEBUG_INFORMATION_FORMAT = dwarf;
				ENABLE_STRICT_OBJC_MSGSEND = YES;
				ENABLE_TESTABILITY = YES;
				GCC_C_LANGUAGE_STANDARD = gnu99;
				GCC_DYNAMIC_NO_PIC = NO;
				GCC_NO_COMMON_BLOCKS = YES;
				GCC_OPTIMIZATION_LEVEL = 0;
				GCC_PREPROCESSOR_DEFINITIONS = (
					"DEBUG=1",
					"$(inherited)",
				);
				GCC_WARN_64_TO_32_BIT_CONVERSION = YES;
				GCC_WARN_ABOUT_RETURN_TYPE = YES_ERROR;
				GCC_WARN_UNDECLARED_SELECTOR = YES;
				GCC_WARN_UNINITIALIZED_AUTOS = YES_AGGRESSIVE;
				GCC_WARN_UNUSED_FUNCTION = YES;
				GCC_WARN_UNUSED_VARIABLE = YES;
				IPHONEOS_DEPLOYMENT_TARGET = 10.3;
				MTL_ENABLE_DEBUG_INFO = YES;
				ONLY_ACTIVE_ARCH = YES;
				SDKROOT = iphoneos;
				SWIFT_ACTIVE_COMPILATION_CONDITIONS = DEBUG;
				SWIFT_OPTIMIZATION_LEVEL = "-Onone";
				TARGETED_DEVICE_FAMILY = "1,2";
			};
			name = Debug;
		};
		D67E13B42082B0E000C82AFC /* Release */ = {
			isa = XCBuildConfiguration;
			buildSettings = {
				ALWAYS_SEARCH_USER_PATHS = NO;
				CLANG_ANALYZER_NONNULL = YES;
				CLANG_ANALYZER_NUMBER_OBJECT_CONVERSION = YES_AGGRESSIVE;
				CLANG_CXX_LANGUAGE_STANDARD = "gnu++0x";
				CLANG_CXX_LIBRARY = "libc++";
				CLANG_ENABLE_MODULES = YES;
				CLANG_ENABLE_OBJC_ARC = YES;
				CLANG_WARN_BOOL_CONVERSION = YES;
				CLANG_WARN_CONSTANT_CONVERSION = YES;
				CLANG_WARN_DIRECT_OBJC_ISA_USAGE = YES_ERROR;
				CLANG_WARN_DOCUMENTATION_COMMENTS = YES;
				CLANG_WARN_EMPTY_BODY = YES;
				CLANG_WARN_ENUM_CONVERSION = YES;
				CLANG_WARN_INFINITE_RECURSION = YES;
				CLANG_WARN_INT_CONVERSION = YES;
				CLANG_WARN_OBJC_ROOT_CLASS = YES_ERROR;
				CLANG_WARN_SUSPICIOUS_MOVE = YES;
				CLANG_WARN_UNREACHABLE_CODE = YES;
				CLANG_WARN__DUPLICATE_METHOD_MATCH = YES;
				"CODE_SIGN_IDENTITY[sdk=iphoneos*]" = "iPhone Developer";
				COPY_PHASE_STRIP = NO;
				DEBUG_INFORMATION_FORMAT = "dwarf-with-dsym";
				ENABLE_NS_ASSERTIONS = NO;
				ENABLE_STRICT_OBJC_MSGSEND = YES;
				GCC_C_LANGUAGE_STANDARD = gnu99;
				GCC_NO_COMMON_BLOCKS = YES;
				GCC_WARN_64_TO_32_BIT_CONVERSION = YES;
				GCC_WARN_ABOUT_RETURN_TYPE = YES_ERROR;
				GCC_WARN_UNDECLARED_SELECTOR = YES;
				GCC_WARN_UNINITIALIZED_AUTOS = YES_AGGRESSIVE;
				GCC_WARN_UNUSED_FUNCTION = YES;
				GCC_WARN_UNUSED_VARIABLE = YES;
				IPHONEOS_DEPLOYMENT_TARGET = 10.3;
				MTL_ENABLE_DEBUG_INFO = NO;
				SDKROOT = iphoneos;
				SWIFT_OPTIMIZATION_LEVEL = "-Owholemodule";
				TARGETED_DEVICE_FAMILY = "1,2";
				VALIDATE_PRODUCT = YES;
			};
			name = Release;
		};
		D67E13B62082B0E000C82AFC /* Debug */ = {
			isa = XCBuildConfiguration;
			buildSettings = {
				ASSETCATALOG_COMPILER_APPICON_NAME = AppIcon;
				INFOPLIST_FILE = TableViewImport/Info.plist;
				LD_RUNPATH_SEARCH_PATHS = "$(inherited) @executable_path/Frameworks";
				PRODUCT_BUNDLE_IDENTIFIER = Apple.TableViewImport;
				PRODUCT_NAME = "$(TARGET_NAME)";
				SWIFT_VERSION = 3.0;
			};
			name = Debug;
		};
		D67E13B72082B0E000C82AFC /* Release */ = {
			isa = XCBuildConfiguration;
			buildSettings = {
				ASSETCATALOG_COMPILER_APPICON_NAME = AppIcon;
				INFOPLIST_FILE = TableViewImport/Info.plist;
				LD_RUNPATH_SEARCH_PATHS = "$(inherited) @executable_path/Frameworks";
				PRODUCT_BUNDLE_IDENTIFIER = Apple.TableViewImport;
				PRODUCT_NAME = "$(TARGET_NAME)";
				SWIFT_VERSION = 3.0;
			};
			name = Release;
		};
/* End XCBuildConfiguration section */

/* Begin XCConfigurationList section */
		D67E139E2082B0E000C82AFC /* Build configuration list for PBXProject "TableViewImport" */ = {
			isa = XCConfigurationList;
			buildConfigurations = (
				D67E13B32082B0E000C82AFC /* Debug */,
				D67E13B42082B0E000C82AFC /* Release */,
			);
			defaultConfigurationIsVisible = 0;
			defaultConfigurationName = Release;
		};
		D67E13B52082B0E000C82AFC /* Build configuration list for PBXNativeTarget "TableViewImport" */ = {
			isa = XCConfigurationList;
			buildConfigurations = (
				D67E13B62082B0E000C82AFC /* Debug */,
				D67E13B72082B0E000C82AFC /* Release */,
			);
			defaultConfigurationIsVisible = 0;
			defaultConfigurationName = Release;
		};
/* End XCConfigurationList section */
	};
	rootObject = D67E139B2082B0E000C82AFC /* Project object */;
}
